
Microsoft Visual Studio Solution File, Format Version 12.00
# Visual Studio Version 17
VisualStudioVersion = 17.4.33205.214
MinimumVisualStudioVersion = 10.0.40219.1
Project("{9A19103F-16F7-4668-BE54-9A1E7A4F7556}") = "TyrellCorp", "TyrellCorp\TyrellCorp.csproj", "{09126EBF-E8A4-4514-892C-781E1DEEA50A}"
EndProject
Project("{9A19103F-16F7-4668-BE54-9A1E7A4F7556}") = "Business", "Business\Business.csproj", "{496F9342-719C-4DD3-A817-F6D0EE3F0006}"
EndProject
Project("{9A19103F-16F7-4668-BE54-9A1E7A4F7556}") = "Data", "Data\Data.csproj", "{A961A8AF-8E4B-4148-8398-14E2463F0644}"
EndProject
Project("{9A19103F-16F7-4668-BE54-9A1E7A4F7556}") = "ExternalServices", "ExternalServices\ExternalServices.csproj", "{A7509C47-FE02-41A7-819A-FDC6FD446AA0}"
EndProject
Project("{9A19103F-16F7-4668-BE54-9A1E7A4F7556}") = "Tests", "Tests\Tests.csproj", "{FDEB3D80-5918-4BBC-ACBF-9A33A7938D71}"
EndProject
Project("{9A19103F-16F7-4668-BE54-9A1E7A4F7556}") = "DTO", "Models\DTO.csproj", "{DCEF5F07-315B-4A51-AB20-5C37A2F88F56}"
EndProject
Global
	GlobalSection(SolutionConfigurationPlatforms) = preSolution
		Debug|Any CPU = Debug|Any CPU
		Release|Any CPU = Release|Any CPU
	EndGlobalSection
	GlobalSection(ProjectConfigurationPlatforms) = postSolution
		{09126EBF-E8A4-4514-892C-781E1DEEA50A}.Debug|Any CPU.ActiveCfg = Debug|Any CPU
		{09126EBF-E8A4-4514-892C-781E1DEEA50A}.Debug|Any CPU.Build.0 = Debug|Any CPU
		{09126EBF-E8A4-4514-892C-781E1DEEA50A}.Release|Any CPU.ActiveCfg = Release|Any CPU
		{09126EBF-E8A4-4514-892C-781E1DEEA50A}.Release|Any CPU.Build.0 = Release|Any CPU
		{496F9342-719C-4DD3-A817-F6D0EE3F0006}.Debug|Any CPU.ActiveCfg = Debug|Any CPU
		{496F9342-719C-4DD3-A817-F6D0EE3F0006}.Debug|Any CPU.Build.0 = Debug|Any CPU
		{496F9342-719C-4DD3-A817-F6D0EE3F0006}.Release|Any CPU.ActiveCfg = Release|Any CPU
		{496F9342-719C-4DD3-A817-F6D0EE3F0006}.Release|Any CPU.Build.0 = Release|Any CPU
		{A961A8AF-8E4B-4148-8398-14E2463F0644}.Debug|Any CPU.ActiveCfg = Debug|Any CPU
		{A961A8AF-8E4B-4148-8398-14E2463F0644}.Debug|Any CPU.Build.0 = Debug|Any CPU
		{A961A8AF-8E4B-4148-8398-14E2463F0644}.Release|Any CPU.ActiveCfg = Release|Any CPU
		{A961A8AF-8E4B-4148-8398-14E2463F0644}.Release|Any CPU.Build.0 = Release|Any CPU
		{A7509C47-FE02-41A7-819A-FDC6FD446AA0}.Debug|Any CPU.ActiveCfg = Debug|Any CPU
		{A7509C47-FE02-41A7-819A-FDC6FD446AA0}.Debug|Any CPU.Build.0 = Debug|Any CPU
		{A7509C47-FE02-41A7-819A-FDC6FD446AA0}.Release|Any CPU.ActiveCfg = Release|Any CPU
		{A7509C47-FE02-41A7-819A-FDC6FD446AA0}.Release|Any CPU.Build.0 = Release|Any CPU
		{FDEB3D80-5918-4BBC-ACBF-9A33A7938D71}.Debug|Any CPU.ActiveCfg = Debug|Any CPU
		{FDEB3D80-5918-4BBC-ACBF-9A33A7938D71}.Debug|Any CPU.Build.0 = Debug|Any CPU
		{FDEB3D80-5918-4BBC-ACBF-9A33A7938D71}.Release|Any CPU.ActiveCfg = Release|Any CPU
		{FDEB3D80-5918-4BBC-ACBF-9A33A7938D71}.Release|Any CPU.Build.0 = Release|Any CPU
		{DCEF5F07-315B-4A51-AB20-5C37A2F88F56}.Debug|Any CPU.ActiveCfg = Debug|Any CPU
		{DCEF5F07-315B-4A51-AB20-5C37A2F88F56}.Debug|Any CPU.Build.0 = Debug|Any CPU
		{DCEF5F07-315B-4A51-AB20-5C37A2F88F56}.Release|Any CPU.ActiveCfg = Release|Any CPU
		{DCEF5F07-315B-4A51-AB20-5C37A2F88F56}.Release|Any CPU.Build.0 = Release|Any CPU
	EndGlobalSection
	GlobalSection(SolutionProperties) = preSolution
		HideSolutionNode = FALSE
	EndGlobalSection
	GlobalSection(ExtensibilityGlobals) = postSolution
		SolutionGuid = {3A6E92B8-5A7B-427E-88C3-C72016066281}
	EndGlobalSection
EndGlobal
